{
  "requires": true,
  "lockfileVersion": 1,
  "dependencies": {
    "chemicaltools": {
      "version": "1.2.7",
      "resolved": "https://registry.npmjs.org/chemicaltools/-/chemicaltools-1.2.7.tgz",
      "integrity": "sha512-03nM1yG9DS3R1G5YyNqprgtQeU3hPPOxYd6Ns4i8D+KI3YE78VYJaPwSjGQv13hp2+xV/tHi2EKXuvsQBzcnbg==",
      "requires": {
        "tiny-pinyin": "1.3.0"
      }
    },
    "tiny-pinyin": {
      "version": "1.3.0",
      "resolved": "https://registry.npmjs.org/tiny-pinyin/-/tiny-pinyin-1.3.0.tgz",
      "integrity": "sha512-YHsqn1zksQ4CKVvArN7MIUtGx0eV/yl15vzdiwNFwAnOQQwL1+pNSLW4ISVWUN+PrzcnX4ojLgS4kgVCmue7Pw=="
    }
  }
}
